// !$*UTF8*$!
{
	archiveVersion = 1;
	classes = {
	};
	objectVersion = 46;
	objects = {

/* Begin PBXBuildFile section */
		945E10FA1D8E8E65002748CE /* AppDelegate.swift in Sources */ = {isa = PBXBuildFile; fileRef = 945E10F91D8E8E65002748CE /* AppDelegate.swift */; };
		945E10FC1D8E8E65002748CE /* ViewController.swift in Sources */ = {isa = PBXBuildFile; fileRef = 945E10FB1D8E8E65002748CE /* ViewController.swift */; };
		945E10FF1D8E8E65002748CE /* Main.storyboard in Resources */ = {isa = PBXBuildFile; fileRef = 945E10FD1D8E8E65002748CE /* Main.storyboard */; };
		945E11021D8E8E65002748CE /* Testing.xcdatamodeld in Sources */ = {isa = PBXBuildFile; fileRef = 945E11001D8E8E65002748CE /* Testing.xcdatamodeld */; };
		945E11041D8E8E65002748CE /* Assets.xcassets in Resources */ = {isa = PBXBuildFile; fileRef = 945E11031D8E8E65002748CE /* Assets.xcassets */; };
		945E11071D8E8E65002748CE /* LaunchScreen.storyboard in Resources */ = {isa = PBXBuildFile; fileRef = 945E11051D8E8E65002748CE /* LaunchScreen.storyboard */; };
		945E11121D8E8E65002748CE /* TestingTests.swift in Sources */ = {isa = PBXBuildFile; fileRef = 945E11111D8E8E65002748CE /* TestingTests.swift */; };
		945E111D1D8E8E65002748CE /* TestingUITests.swift in Sources */ = {isa = PBXBuildFile; fileRef = 945E111C1D8E8E65002748CE /* TestingUITests.swift */; };
/* End PBXBuildFile section */

/* Begin PBXContainerItemProxy section */
		945E110E1D8E8E65002748CE /* PBXContainerItemProxy */ = {
			isa = PBXContainerItemProxy;
			containerPortal = 945E10EE1D8E8E65002748CE /* Project object */;
			proxyType = 1;
			remoteGlobalIDString = 945E10F51D8E8E65002748CE;
			remoteInfo = Testing;
		};
		945E11191D8E8E65002748CE /* PBXContainerItemProxy */ = {
			isa = PBXContainerItemProxy;
			containerPortal = 945E10EE1D8E8E65002748CE /* Project object */;
			proxyType = 1;
			remoteGlobalIDString = 945E10F51D8E8E65002748CE;
			remoteInfo = Testing;
		};
/* End PBXContainerItemProxy section */

/* Begin PBXFileReference section */
		945E10F61D8E8E65002748CE /* Testing.app */ = {isa = PBXFileReference; explicitFileType = wrapper.application; includeInIndex = 0; path = Testing.app; sourceTree = BUILT_PRODUCTS_DIR; };
		945E10F91D8E8E65002748CE /* AppDelegate.swift */ = {isa = PBXFileReference; lastKnownFileType = sourcecode.swift; path = AppDelegate.swift; sourceTree = "<group>"; };
		945E10FB1D8E8E65002748CE /* ViewController.swift */ = {isa = PBXFileReference; lastKnownFileType = sourcecode.swift; path = ViewController.swift; sourceTree = "<group>"; };
		945E10FE1D8E8E65002748CE /* Base */ = {isa = PBXFileReference; lastKnownFileType = file.storyboard; name = Base; path = Base.lproj/Main.storyboard; sourceTree = "<group>"; };
		945E11011D8E8E65002748CE /* Testing.xcdatamodel */ = {isa = PBXFileReference; lastKnownFileType = wrapper.xcdatamodel; path = Testing.xcdatamodel; sourceTree = "<group>"; };
		945E11031D8E8E65002748CE /* Assets.xcassets */ = {isa = PBXFileReference; lastKnownFileType = folder.assetcatalog; path = Assets.xcassets; sourceTree = "<group>"; };
		945E11061D8E8E65002748CE /* Base */ = {isa = PBXFileReference; lastKnownFileType = file.storyboard; name = Base; path = Base.lproj/LaunchScreen.storyboard; sourceTree = "<group>"; };
		945E11081D8E8E65002748CE /* Info.plist */ = {isa = PBXFileReference; lastKnownFileType = text.plist.xml; path = Info.plist; sourceTree = "<group>"; };
		945E110D1D8E8E65002748CE /* TestingTests.xctest */ = {isa = PBXFileReference; explicitFileType = wrapper.cfbundle; includeInIndex = 0; path = TestingTests.xctest; sourceTree = BUILT_PRODUCTS_DIR; };
		945E11111D8E8E65002748CE /* TestingTests.swift */ = {isa = PBXFileReference; lastKnownFileType = sourcecode.swift; path = TestingTests.swift; sourceTree = "<group>"; };
		945E11131D8E8E65002748CE /* Info.plist */ = {isa = PBXFileReference; lastKnownFileType = text.plist.xml; path = Info.plist; sourceTree = "<group>"; };
		945E11181D8E8E65002748CE /* TestingUITests.xctest */ = {isa = PBXFileReference; explicitFileType = wrapper.cfbundle; includeInIndex = 0; path = TestingUITests.xctest; sourceTree = BUILT_PRODUCTS_DIR; };
		945E111C1D8E8E65002748CE /* TestingUITests.swift */ = {isa = PBXFileReference; lastKnownFileType = sourcecode.swift; path = TestingUITests.swift; sourceTree = "<group>"; };
		945E111E1D8E8E65002748CE /* Info.plist */ = {isa = PBXFileReference; lastKnownFileType = text.plist.xml; path = Info.plist; sourceTree = "<group>"; };
/* End PBXFileReference section */

/* Begin PBXFrameworksBuildPhase section */
		945E10F31D8E8E65002748CE /* Frameworks */ = {
			isa = PBXFrameworksBuildPhase;
			buildActionMask = 2147483647;
			files = (
			);
			runOnlyForDeploymentPostprocessing = 0;
		};
		945E110A1D8E8E65002748CE /* Frameworks */ = {
			isa = PBXFrameworksBuildPhase;
			buildActionMask = 2147483647;
			files = (
			);
			runOnlyForDeploymentPostprocessing = 0;
		};
		945E11151D8E8E65002748CE /* Frameworks */ = {
			isa = PBXFrameworksBuildPhase;
			buildActionMask = 2147483647;
			files = (
			);
			runOnlyForDeploymentPostprocessing = 0;
		};
/* End PBXFrameworksBuildPhase section */

/* Begin PBXGroup section */
		945E10ED1D8E8E65002748CE = {
			isa = PBXGroup;
			children = (
				945E10F81D8E8E65002748CE /* Testing */,
				945E11101D8E8E65002748CE /* TestingTests */,
				945E111B1D8E8E65002748CE /* TestingUITests */,
				945E10F71D8E8E65002748CE /* Products */,
			);
			sourceTree = "<group>";
		};
		945E10F71D8E8E65002748CE /* Products */ = {
			isa = PBXGroup;
			children = (
				945E10F61D8E8E65002748CE /* Testing.app */,
				945E110D1D8E8E65002748CE /* TestingTests.xctest */,
				945E11181D8E8E65002748CE /* TestingUITests.xctest */,
			);
			name = Products;
			sourceTree = "<group>";
		};
		945E10F81D8E8E65002748CE /* Testing */ = {
			isa = PBXGroup;
			children = (
				945E10F91D8E8E65002748CE /* AppDelegate.swift */,
				945E10FB1D8E8E65002748CE /* ViewController.swift */,
				945E10FD1D8E8E65002748CE /* Main.storyboard */,
				945E11031D8E8E65002748CE /* Assets.xcassets */,
				945E11051D8E8E65002748CE /* LaunchScreen.storyboard */,
				945E11081D8E8E65002748CE /* Info.plist */,
				945E11001D8E8E65002748CE /* Testing.xcdatamodeld */,
			);
			path = Testing;
			sourceTree = "<group>";
		};
		945E11101D8E8E65002748CE /* TestingTests */ = {
			isa = PBXGroup;
			children = (
				945E11111D8E8E65002748CE /* TestingTests.swift */,
				945E11131D8E8E65002748CE /* Info.plist */,
			);
			path = TestingTests;
			sourceTree = "<group>";
		};
		945E111B1D8E8E65002748CE /* TestingUITests */ = {
			isa = PBXGroup;
			children = (
				945E111C1D8E8E65002748CE /* TestingUITests.swift */,
				945E111E1D8E8E65002748CE /* Info.plist */,
			);
			path = TestingUITests;
			sourceTree = "<group>";
		};
/* End PBXGroup section */

/* Begin PBXNativeTarget section */
		945E10F51D8E8E65002748CE /* Testing */ = {
			isa = PBXNativeTarget;
			buildConfigurationList = 945E11211D8E8E65002748CE /* Build configuration list for PBXNativeTarget "Testing" */;
			buildPhases = (
				945E10F21D8E8E65002748CE /* Sources */,
				945E10F31D8E8E65002748CE /* Frameworks */,
				945E10F41D8E8E65002748CE /* Resources */,
			);
			buildRules = (
			);
			dependencies = (
			);
			name = Testing;
			productName = Testing;
			productReference = 945E10F61D8E8E65002748CE /* Testing.app */;
			productType = "com.apple.product-type.application";
		};
		945E110C1D8E8E65002748CE /* TestingTests */ = {
			isa = PBXNativeTarget;
			buildConfigurationList = 945E11241D8E8E65002748CE /* Build configuration list for PBXNativeTarget "TestingTests" */;
			buildPhases = (
				945E11091D8E8E65002748CE /* Sources */,
				945E110A1D8E8E65002748CE /* Frameworks */,
				945E110B1D8E8E65002748CE /* Resources */,
			);
			buildRules = (
			);
			dependencies = (
				945E110F1D8E8E65002748CE /* PBXTargetDependency */,
			);
			name = TestingTests;
			productName = TestingTests;
			productReference = 945E110D1D8E8E65002748CE /* TestingTests.xctest */;
			productType = "com.apple.product-type.bundle.unit-test";
		};
		945E11171D8E8E65002748CE /* TestingUITests */ = {
			isa = PBXNativeTarget;
			buildConfigurationList = 945E11271D8E8E65002748CE /* Build configuration list for PBXNativeTarget "TestingUITests" */;
			buildPhases = (
				945E11141D8E8E65002748CE /* Sources */,
				945E11151D8E8E65002748CE /* Frameworks */,
				945E11161D8E8E65002748CE /* Resources */,
			);
			buildRules = (
			);
			dependencies = (
				945E111A1D8E8E65002748CE /* PBXTargetDependency */,
			);
			name = TestingUITests;
			productName = TestingUITests;
			productReference = 945E11181D8E8E65002748CE /* TestingUITests.xctest */;
			productType = "com.apple.product-type.bundle.ui-testing";
		};
/* End PBXNativeTarget section */

/* Begin PBXProject section */
		945E10EE1D8E8E65002748CE /* Project object */ = {
			isa = PBXProject;
			attributes = {
				LastSwiftUpdateCheck = 0800;
				LastUpgradeCheck = 0800;
				ORGANIZATIONNAME = Tony.Shao;
				TargetAttributes = {
					945E10F51D8E8E65002748CE = {
						CreatedOnToolsVersion = 8.0;
						ProvisioningStyle = Automatic;
					};
					945E110C1D8E8E65002748CE = {
						CreatedOnToolsVersion = 8.0;
						ProvisioningStyle = Automatic;
						TestTargetID = 945E10F51D8E8E65002748CE;
					};
					945E11171D8E8E65002748CE = {
						CreatedOnToolsVersion = 8.0;
						ProvisioningStyle = Automatic;
						TestTargetID = 945E10F51D8E8E65002748CE;
					};
				};
			};
			buildConfigurationList = 945E10F11D8E8E65002748CE /* Build configuration list for PBXProject "Testing" */;
			compatibilityVersion = "Xcode 3.2";
			developmentRegion = English;
			hasScannedForEncodings = 0;
			knownRegions = (
				en,
				Base,
			);
			mainGroup = 945E10ED1D8E8E65002748CE;
			productRefGroup = 945E10F71D8E8E65002748CE /* Products */;
			projectDirPath = "";
			projectRoot = "";
			targets = (
				945E10F51D8E8E65002748CE /* Testing */,
				945E110C1D8E8E65002748CE /* TestingTests */,
				945E11171D8E8E65002748CE /* TestingUITests */,
			);
		};
/* End PBXProject section */

/* Begin PBXResourcesBuildPhase section */
		945E10F41D8E8E65002748CE /* Resources */ = {
			isa = PBXResourcesBuildPhase;
			buildActionMask = 2147483647;
			files = (
				945E11071D8E8E65002748CE /* LaunchScreen.storyboard in Resources */,
				945E11041D8E8E65002748CE /* Assets.xcassets in Resources */,
				945E10FF1D8E8E65002748CE /* Main.storyboard in Resources */,
			);
			runOnlyForDeploymentPostprocessing = 0;
		};
		945E110B1D8E8E65002748CE /* Resources */ = {
			isa = PBXResourcesBuildPhase;
			buildActionMask = 2147483647;
			files = (
			);
			runOnlyForDeploymentPostprocessing = 0;
		};
		945E11161D8E8E65002748CE /* Resources */ = {
			isa = PBXResourcesBuildPhase;
			buildActionMask = 2147483647;
			files = (
			);
			runOnlyForDeploymentPostprocessing = 0;
		};
/* End PBXResourcesBuildPhase section */

/* Begin PBXSourcesBuildPhase section */
		945E10F21D8E8E65002748CE /* Sources */ = {
			isa = PBXSourcesBuildPhase;
			buildActionMask = 2147483647;
			files = (
				945E10FC1D8E8E65002748CE /* ViewController.swift in Sources */,
				945E10FA1D8E8E65002748CE /* AppDelegate.swift in Sources */,
				945E11021D8E8E65002748CE /* Testing.xcdatamodeld in Sources */,
			);
			runOnlyForDeploymentPostprocessing = 0;
		};
		945E11091D8E8E65002748CE /* Sources */ = {
			isa = PBXSourcesBuildPhase;
			buildActionMask = 2147483647;
			files = (
				945E11121D8E8E65002748CE /* TestingTests.swift in Sources */,
			);
			runOnlyForDeploymentPostprocessing = 0;
		};
		945E11141D8E8E65002748CE /* Sources */ = {
			isa = PBXSourcesBuildPhase;
			buildActionMask = 2147483647;
			files = (
				945E111D1D8E8E65002748CE /* TestingUITests.swift in Sources */,
			);
			runOnlyForDeploymentPostprocessing = 0;
		};
/* End PBXSourcesBuildPhase section */

/* Begin PBXTargetDependency section */
		945E110F1D8E8E65002748CE /* PBXTargetDependency */ = {
			isa = PBXTargetDependency;
			target = 945E10F51D8E8E65002748CE /* Testing */;
			targetProxy = 945E110E1D8E8E65002748CE /* PBXContainerItemProxy */;
		};
		945E111A1D8E8E65002748CE /* PBXTargetDependency */ = {
			isa = PBXTargetDependency;
			target = 945E10F51D8E8E65002748CE /* Testing */;
			targetProxy = 945E11191D8E8E65002748CE /* PBXContainerItemProxy */;
		};
/* End PBXTargetDependency section */

/* Begin PBXVariantGroup section */
		945E10FD1D8E8E65002748CE /* Main.storyboard */ = {
			isa = PBXVariantGroup;
			children = (
				945E10FE1D8E8E65002748CE /* Base */,
			);
			name = Main.storyboard;
			sourceTree = "<group>";
		};
		945E11051D8E8E65002748CE /* LaunchScreen.storyboard */ = {
			isa = PBXVariantGroup;
			children = (
				945E11061D8E8E65002748CE /* Base */,
			);
			name = LaunchScreen.storyboard;
			sourceTree = "<group>";
		};
/* End PBXVariantGroup section */

/* Begin XCBuildConfiguration section */
		945E111F1D8E8E65002748CE /* Debug */ = {
			isa = XCBuildConfiguration;
			buildSettings = {
				ALWAYS_SEARCH_USER_PATHS = NO;
				CLANG_ANALYZER_NONNULL = YES;
				CLANG_CXX_LANGUAGE_STANDARD = "gnu++0x";
				CLANG_CXX_LIBRARY = "libc++";
				CLANG_ENABLE_MODULES = YES;
				CLANG_ENABLE_OBJC_ARC = YES;
				CLANG_WARN_BOOL_CONVERSION = YES;
				CLANG_WARN_CONSTANT_CONVERSION = YES;
				CLANG_WARN_DIRECT_OBJC_ISA_USAGE = YES_ERROR;
				CLANG_WARN_DOCUMENTATION_COMMENTS = YES;
				CLANG_WARN_EMPTY_BODY = YES;
				CLANG_WARN_ENUM_CONVERSION = YES;
				CLANG_WARN_INFINITE_RECURSION = YES;
				CLANG_WARN_INT_CONVERSION = YES;
				CLANG_WARN_OBJC_ROOT_CLASS = YES_ERROR;
				CLANG_WARN_SUSPICIOUS_MOVES = YES;
				CLANG_WARN_UNREACHABLE_CODE = YES;
				CLANG_WARN__DUPLICATE_METHOD_MATCH = YES;
				"CODE_SIGN_IDENTITY[sdk=iphoneos*]" = "iPhone Developer";
				COPY_PHASE_STRIP = NO;
				DEBUG_INFORMATION_FORMAT = dwarf;
				ENABLE_STRICT_OBJC_MSGSEND = YES;
				ENABLE_TESTABILITY = YES;
				GCC_C_LANGUAGE_STANDARD = gnu99;
				GCC_DYNAMIC_NO_PIC = NO;
				GCC_NO_COMMON_BLOCKS = YES;
				GCC_OPTIMIZATION_LEVEL = 0;
				GCC_PREPROCESSOR_DEFINITIONS = (
					"DEBUG=1",
					"$(inherited)",
				);
				GCC_WARN_64_TO_32_BIT_CONVERSION = YES;
				GCC_WARN_ABOUT_RETURN_TYPE = YES_ERROR;
				GCC_WARN_UNDECLARED_SELECTOR = YES;
				GCC_WARN_UNINITIALIZED_AUTOS = YES_AGGRESSIVE;
				GCC_WARN_UNUSED_FUNCTION = YES;
				GCC_WARN_UNUSED_VARIABLE = YES;
				IPHONEOS_DEPLOYMENT_TARGET = 10.0;
				MTL_ENABLE_DEBUG_INFO = YES;
				ONLY_ACTIVE_ARCH = YES;
				SDKROOT = iphoneos;
				SWIFT_ACTIVE_COMPILATION_CONDITIONS = DEBUG;
				SWIFT_OPTIMIZATION_LEVEL = "-Onone";
				TARGETED_DEVICE_FAMILY = "1,2";
			};
			name = Debug;
		};
		945E11201D8E8E65002748CE /* Release */ = {
			isa = XCBuildConfiguration;
			buildSettings = {
				ALWAYS_SEARCH_USER_PATHS = NO;
				CLANG_ANALYZER_NONNULL = YES;
				CLANG_CXX_LANGUAGE_STANDARD = "gnu++0x";
				CLANG_CXX_LIBRARY = "libc++";
				CLANG_ENABLE_MODULES = YES;
				CLANG_ENABLE_OBJC_ARC = YES;
				CLANG_WARN_BOOL_CONVERSION = YES;
				CLANG_WARN_CONSTANT_CONVERSION = YES;
				CLANG_WARN_DIRECT_OBJC_ISA_USAGE = YES_ERROR;
				CLANG_WARN_DOCUMENTATION_COMMENTS = YES;
				CLANG_WARN_EMPTY_BODY = YES;
				CLANG_WARN_ENUM_CONVERSION = YES;
				CLANG_WARN_INFINITE_RECURSION = YES;
				CLANG_WARN_INT_CONVERSION = YES;
				CLANG_WARN_OBJC_ROOT_CLASS = YES_ERROR;
				CLANG_WARN_SUSPICIOUS_MOVES = YES;
				CLANG_WARN_UNREACHABLE_CODE = YES;
				CLANG_WARN__DUPLICATE_METHOD_MATCH = YES;
				"CODE_SIGN_IDENTITY[sdk=iphoneos*]" = "iPhone Developer";
				COPY_PHASE_STRIP = NO;
				DEBUG_INFORMATION_FORMAT = "dwarf-with-dsym";
				ENABLE_NS_ASSERTIONS = NO;
				ENABLE_STRICT_OBJC_MSGSEND = YES;
				GCC_C_LANGUAGE_STANDARD = gnu99;
				GCC_NO_COMMON_BLOCKS = YES;
				GCC_WARN_64_TO_32_BIT_CONVERSION = YES;
				GCC_WARN_ABOUT_RETURN_TYPE = YES_ERROR;
				GCC_WARN_UNDECLARED_SELECTOR = YES;
				GCC_WARN_UNINITIALIZED_AUTOS = YES_AGGRESSIVE;
				GCC_WARN_UNUSED_FUNCTION = YES;
				GCC_WARN_UNUSED_VARIABLE = YES;
				IPHONEOS_DEPLOYMENT_TARGET = 10.0;
				MTL_ENABLE_DEBUG_INFO = NO;
				SDKROOT = iphoneos;
				SWIFT_OPTIMIZATION_LEVEL = "-Owholemodule";
				TARGETED_DEVICE_FAMILY = "1,2";
				VALIDATE_PRODUCT = YES;
			};
			name = Release;
		};
		945E11221D8E8E65002748CE /* Debug */ = {
			isa = XCBuildConfiguration;
			buildSettings = {
				ASSETCATALOG_COMPILER_APPICON_NAME = AppIcon;
				INFOPLIST_FILE = Testing/Info.plist;
				LD_RUNPATH_SEARCH_PATHS = "$(inherited) @executable_path/Frameworks";
				PRODUCT_BUNDLE_IDENTIFIER = lol.tian.Testing;
				PRODUCT_NAME = "$(TARGET_NAME)";
				SWIFT_VERSION = 3.0;
			};
			name = Debug;
		};
		945E11231D8E8E65002748CE /* Release */ = {
			isa = XCBuildConfiguration;
			buildSettings = {
				ASSETCATALOG_COMPILER_APPICON_NAME = AppIcon;
				INFOPLIST_FILE = Testing/Info.plist;
				LD_RUNPATH_SEARCH_PATHS = "$(inherited) @executable_path/Frameworks";
				PRODUCT_BUNDLE_IDENTIFIER = lol.tian.Testing;
				PRODUCT_NAME = "$(TARGET_NAME)";
				SWIFT_VERSION = 3.0;
			};
			name = Release;
		};
		945E11251D8E8E65002748CE /* Debug */ = {
			isa = XCBuildConfiguration;
			buildSettings = {
				ALWAYS_EMBED_SWIFT_STANDARD_LIBRARIES = YES;
				BUNDLE_LOADER = "$(TEST_HOST)";
				INFOPLIST_FILE = TestingTests/Info.plist;
				LD_RUNPATH_SEARCH_PATHS = "$(inherited) @executable_path/Frameworks @loader_path/Frameworks";
				PRODUCT_BUNDLE_IDENTIFIER = lol.tian.TestingTests;
				PRODUCT_NAME = "$(TARGET_NAME)";
				SWIFT_VERSION = 3.0;
				TEST_HOST = "$(BUILT_PRODUCTS_DIR)/Testing.app/Testing";
			};
			name = Debug;
		};
		945E11261D8E8E65002748CE /* Release */ = {
			isa = XCBuildConfiguration;
			buildSettings = {
				ALWAYS_EMBED_SWIFT_STANDARD_LIBRARIES = YES;
				BUNDLE_LOADER = "$(TEST_HOST)";
				INFOPLIST_FILE = TestingTests/Info.plist;
				LD_RUNPATH_SEARCH_PATHS = "$(inherited) @executable_path/Frameworks @loader_path/Frameworks";
				PRODUCT_BUNDLE_IDENTIFIER = lol.tian.TestingTests;
				PRODUCT_NAME = "$(TARGET_NAME)";
				SWIFT_VERSION = 3.0;
				TEST_HOST = "$(BUILT_PRODUCTS_DIR)/Testing.app/Testing";
			};
			name = Release;
		};
		945E11281D8E8E65002748CE /* Debug */ = {
			isa = XCBuildConfiguration;
			buildSettings = {
				ALWAYS_EMBED_SWIFT_STANDARD_LIBRARIES = YES;
				INFOPLIST_FILE = TestingUITests/Info.plist;
				LD_RUNPATH_SEARCH_PATHS = "$(inherited) @executable_path/Frameworks @loader_path/Frameworks";
				PRODUCT_BUNDLE_IDENTIFIER = lol.tian.TestingUITests;
				PRODUCT_NAME = "$(TARGET_NAME)";
				SWIFT_VERSION = 3.0;
				TEST_TARGET_NAME = Testing;
			};
			name = Debug;
		};
		945E11291D8E8E65002748CE /* Release */ = {
			isa = XCBuildConfiguration;
			buildSettings = {
				ALWAYS_EMBED_SWIFT_STANDARD_LIBRARIES = YES;
				INFOPLIST_FILE = TestingUITests/Info.plist;
				LD_RUNPATH_SEARCH_PATHS = "$(inherited) @executable_path/Frameworks @loader_path/Frameworks";
				PRODUCT_BUNDLE_IDENTIFIER = lol.tian.TestingUITests;
				PRODUCT_NAME = "$(TARGET_NAME)";
				SWIFT_VERSION = 3.0;
				TEST_TARGET_NAME = Testing;
			};
			name = Release;
		};
/* End XCBuildConfiguration section */

/* Begin XCConfigurationList section */
		945E10F11D8E8E65002748CE /* Build configuration list for PBXProject "Testing" */ = {
			isa = XCConfigurationList;
			buildConfigurations = (
				945E111F1D8E8E65002748CE /* Debug */,
				945E11201D8E8E65002748CE /* Release */,
			);
			defaultConfigurationIsVisible = 0;
			defaultConfigurationName = Release;
		};
		945E11211D8E8E65002748CE /* Build configuration list for PBXNativeTarget "Testing" */ = {
			isa = XCConfigurationList;
			buildConfigurations = (
				945E11221D8E8E65002748CE /* Debug */,
				945E11231D8E8E65002748CE /* Release */,
			);
			defaultConfigurationIsVisible = 0;
		};
		945E11241D8E8E65002748CE /* Build configuration list for PBXNativeTarget "TestingTests" */ = {
			isa = XCConfigurationList;
			buildConfigurations = (
				945E11251D8E8E65002748CE /* Debug */,
				945E11261D8E8E65002748CE /* Release */,
			);
			defaultConfigurationIsVisible = 0;
		};
		945E11271D8E8E65002748CE /* Build configuration list for PBXNativeTarget "TestingUITests" */ = {
			isa = XCConfigurationList;
			buildConfigurations = (
				945E11281D8E8E65002748CE /* Debug */,
				945E11291D8E8E65002748CE /* Release */,
			);
			defaultConfigurationIsVisible = 0;
		};
/* End XCConfigurationList section */

/* Begin XCVersionGroup section */
		945E11001D8E8E65002748CE /* Testing.xcdatamodeld */ = {
			isa = XCVersionGroup;
			children = (
				945E11011D8E8E65002748CE /* Testing.xcdatamodel */,
			);
			currentVersion = 945E11011D8E8E65002748CE /* Testing.xcdatamodel */;
			path = Testing.xcdatamodeld;
			sourceTree = "<group>";
			versionGroupType = wrapper.xcdatamodel;
		};
/* End XCVersionGroup section */
	};
	rootObject = 945E10EE1D8E8E65002748CE /* Project object */;
}
